// !$*UTF8*$!
{
	archiveVersion = 1;
	classes = {
	};
	objectVersion = 48;
	objects = {

/* Begin PBXBuildFile section */
		65ACCEC321F6CC6D00724BD4 /* AppDelegate.swift in Sources */ = {isa = PBXBuildFile; fileRef = 65ACCEC221F6CC6D00724BD4 /* AppDelegate.swift */; };
		65ACCEC521F6CC6D00724BD4 /* ViewController.swift in Sources */ = {isa = PBXBuildFile; fileRef = 65ACCEC421F6CC6D00724BD4 /* ViewController.swift */; };
		65ACCEC821F6CC6D00724BD4 /* Main.storyboard in Resources */ = {isa = PBXBuildFile; fileRef = 65ACCEC621F6CC6D00724BD4 /* Main.storyboard */; };
		65ACCECA21F6CC6D00724BD4 /* Assets.xcassets in Resources */ = {isa = PBXBuildFile; fileRef = 65ACCEC921F6CC6D00724BD4 /* Assets.xcassets */; };
		65ACCECD21F6CC6D00724BD4 /* LaunchScreen.storyboard in Resources */ = {isa = PBXBuildFile; fileRef = 65ACCECB21F6CC6D00724BD4 /* LaunchScreen.storyboard */; };
		65ACCED521F745D600724BD4 /* CustomViewController.swift in Sources */ = {isa = PBXBuildFile; fileRef = 65ACCED421F745D600724BD4 /* CustomViewController.swift */; };
		65ACCED721FA12D400724BD4 /* copyViewController.swift in Sources */ = {isa = PBXBuildFile; fileRef = 65ACCED621FA12D400724BD4 /* copyViewController.swift */; };
/* End PBXBuildFile section */

/* Begin PBXFileReference section */
		65ACCEBF21F6CC6D00724BD4 /* myapp.app */ = {isa = PBXFileReference; explicitFileType = wrapper.application; includeInIndex = 0; path = myapp.app; sourceTree = BUILT_PRODUCTS_DIR; };
		65ACCEC221F6CC6D00724BD4 /* AppDelegate.swift */ = {isa = PBXFileReference; lastKnownFileType = sourcecode.swift; path = AppDelegate.swift; sourceTree = "<group>"; };
		65ACCEC421F6CC6D00724BD4 /* ViewController.swift */ = {isa = PBXFileReference; lastKnownFileType = sourcecode.swift; path = ViewController.swift; sourceTree = "<group>"; };
		65ACCEC721F6CC6D00724BD4 /* Base */ = {isa = PBXFileReference; lastKnownFileType = file.storyboard; name = Base; path = Base.lproj/Main.storyboard; sourceTree = "<group>"; };
		65ACCEC921F6CC6D00724BD4 /* Assets.xcassets */ = {isa = PBXFileReference; lastKnownFileType = folder.assetcatalog; path = Assets.xcassets; sourceTree = "<group>"; };
		65ACCECC21F6CC6D00724BD4 /* Base */ = {isa = PBXFileReference; lastKnownFileType = file.storyboard; name = Base; path = Base.lproj/LaunchScreen.storyboard; sourceTree = "<group>"; };
		65ACCECE21F6CC6D00724BD4 /* Info.plist */ = {isa = PBXFileReference; lastKnownFileType = text.plist.xml; path = Info.plist; sourceTree = "<group>"; };
		65ACCED421F745D600724BD4 /* CustomViewController.swift */ = {isa = PBXFileReference; lastKnownFileType = sourcecode.swift; path = CustomViewController.swift; sourceTree = "<group>"; };
		65ACCED621FA12D400724BD4 /* copyViewController.swift */ = {isa = PBXFileReference; lastKnownFileType = sourcecode.swift; path = copyViewController.swift; sourceTree = "<group>"; };
/* End PBXFileReference section */

/* Begin PBXFrameworksBuildPhase section */
		65ACCEBC21F6CC6D00724BD4 /* Frameworks */ = {
			isa = PBXFrameworksBuildPhase;
			buildActionMask = 2147483647;
			files = (
			);
			runOnlyForDeploymentPostprocessing = 0;
		};
/* End PBXFrameworksBuildPhase section */

/* Begin PBXGroup section */
		65ACCEB621F6CC6C00724BD4 = {
			isa = PBXGroup;
			children = (
				65ACCEC121F6CC6D00724BD4 /* myapp */,
				65ACCEC021F6CC6D00724BD4 /* Products */,
			);
			sourceTree = "<group>";
		};
		65ACCEC021F6CC6D00724BD4 /* Products */ = {
			isa = PBXGroup;
			children = (
				65ACCEBF21F6CC6D00724BD4 /* myapp.app */,
			);
			name = Products;
			sourceTree = "<group>";
		};
		65ACCEC121F6CC6D00724BD4 /* myapp */ = {
			isa = PBXGroup;
			children = (
				65ACCEC221F6CC6D00724BD4 /* AppDelegate.swift */,
				65ACCEC421F6CC6D00724BD4 /* ViewController.swift */,
				65ACCEC621F6CC6D00724BD4 /* Main.storyboard */,
				65ACCED621FA12D400724BD4 /* copyViewController.swift */,
				65ACCED421F745D600724BD4 /* CustomViewController.swift */,
				65ACCEC921F6CC6D00724BD4 /* Assets.xcassets */,
				65ACCECB21F6CC6D00724BD4 /* LaunchScreen.storyboard */,
				65ACCECE21F6CC6D00724BD4 /* Info.plist */,
			);
			path = myapp;
			sourceTree = "<group>";
		};
/* End PBXGroup section */

/* Begin PBXNativeTarget section */
		65ACCEBE21F6CC6D00724BD4 /* myapp */ = {
			isa = PBXNativeTarget;
			buildConfigurationList = 65ACCED121F6CC6D00724BD4 /* Build configuration list for PBXNativeTarget "myapp" */;
			buildPhases = (
				65ACCEBB21F6CC6D00724BD4 /* Sources */,
				65ACCEBC21F6CC6D00724BD4 /* Frameworks */,
				65ACCEBD21F6CC6D00724BD4 /* Resources */,
			);
			buildRules = (
			);
			dependencies = (
			);
			name = myapp;
			productName = myapp;
			productReference = 65ACCEBF21F6CC6D00724BD4 /* myapp.app */;
			productType = "com.apple.product-type.application";
		};
/* End PBXNativeTarget section */

/* Begin PBXProject section */
		65ACCEB721F6CC6C00724BD4 /* Project object */ = {
			isa = PBXProject;
			attributes = {
				LastSwiftUpdateCheck = 0920;
				LastUpgradeCheck = 0920;
				ORGANIZATIONNAME = "Kouki Yamazaki";
				TargetAttributes = {
					65ACCEBE21F6CC6D00724BD4 = {
						CreatedOnToolsVersion = 9.2;
						ProvisioningStyle = Automatic;
					};
				};
			};
			buildConfigurationList = 65ACCEBA21F6CC6C00724BD4 /* Build configuration list for PBXProject "myapp" */;
			compatibilityVersion = "Xcode 8.0";
			developmentRegion = en;
			hasScannedForEncodings = 0;
			knownRegions = (
				en,
				Base,
			);
			mainGroup = 65ACCEB621F6CC6C00724BD4;
			productRefGroup = 65ACCEC021F6CC6D00724BD4 /* Products */;
			projectDirPath = "";
			projectRoot = "";
			targets = (
				65ACCEBE21F6CC6D00724BD4 /* myapp */,
			);
		};
/* End PBXProject section */

/* Begin PBXResourcesBuildPhase section */
		65ACCEBD21F6CC6D00724BD4 /* Resources */ = {
			isa = PBXResourcesBuildPhase;
			buildActionMask = 2147483647;
			files = (
				65ACCECD21F6CC6D00724BD4 /* LaunchScreen.storyboard in Resources */,
				65ACCECA21F6CC6D00724BD4 /* Assets.xcassets in Resources */,
				65ACCEC821F6CC6D00724BD4 /* Main.storyboard in Resources */,
			);
			runOnlyForDeploymentPostprocessing = 0;
		};
/* End PBXResourcesBuildPhase section */

/* Begin PBXSourcesBuildPhase section */
		65ACCEBB21F6CC6D00724BD4 /* Sources */ = {
			isa = PBXSourcesBuildPhase;
			buildActionMask = 2147483647;
			files = (
				65ACCED521F745D600724BD4 /* CustomViewController.swift in Sources */,
				65ACCED721FA12D400724BD4 /* copyViewController.swift in Sources */,
				65ACCEC521F6CC6D00724BD4 /* ViewController.swift in Sources */,
				65ACCEC321F6CC6D00724BD4 /* AppDelegate.swift in Sources */,
			);
			runOnlyForDeploymentPostprocessing = 0;
		};
/* End PBXSourcesBuildPhase section */

/* Begin PBXVariantGroup section */
		65ACCEC621F6CC6D00724BD4 /* Main.storyboard */ = {
			isa = PBXVariantGroup;
			children = (
				65ACCEC721F6CC6D00724BD4 /* Base */,
			);
			name = Main.storyboard;
			sourceTree = "<group>";
		};
		65ACCECB21F6CC6D00724BD4 /* LaunchScreen.storyboard */ = {
			isa = PBXVariantGroup;
			children = (
				65ACCECC21F6CC6D00724BD4 /* Base */,
			);
			name = LaunchScreen.storyboard;
			sourceTree = "<group>";
		};
/* End PBXVariantGroup section */

/* Begin XCBuildConfiguration section */
		65ACCECF21F6CC6D00724BD4 /* Debug */ = {
			isa = XCBuildConfiguration;
			buildSettings = {
				ALWAYS_SEARCH_USER_PATHS = NO;
				CLANG_ANALYZER_NONNULL = YES;
				CLANG_ANALYZER_NUMBER_OBJECT_CONVERSION = YES_AGGRESSIVE;
				CLANG_CXX_LANGUAGE_STANDARD = "gnu++14";
				CLANG_CXX_LIBRARY = "libc++";
				CLANG_ENABLE_MODULES = YES;
				CLANG_ENABLE_OBJC_ARC = YES;
				CLANG_WARN_BLOCK_CAPTURE_AUTORELEASING = YES;
				CLANG_WARN_BOOL_CONVERSION = YES;
				CLANG_WARN_COMMA = YES;
				CLANG_WARN_CONSTANT_CONVERSION = YES;
				CLANG_WARN_DIRECT_OBJC_ISA_USAGE = YES_ERROR;
				CLANG_WARN_DOCUMENTATION_COMMENTS = YES;
				CLANG_WARN_EMPTY_BODY = YES;
				CLANG_WARN_ENUM_CONVERSION = YES;
				CLANG_WARN_INFINITE_RECURSION = YES;
				CLANG_WARN_INT_CONVERSION = YES;
				CLANG_WARN_NON_LITERAL_NULL_CONVERSION = YES;
				CLANG_WARN_OBJC_LITERAL_CONVERSION = YES;
				CLANG_WARN_OBJC_ROOT_CLASS = YES_ERROR;
				CLANG_WARN_RANGE_LOOP_ANALYSIS = YES;
				CLANG_WARN_STRICT_PROTOTYPES = YES;
				CLANG_WARN_SUSPICIOUS_MOVE = YES;
				CLANG_WARN_UNGUARDED_AVAILABILITY = YES_AGGRESSIVE;
				CLANG_WARN_UNREACHABLE_CODE = YES;
				CLANG_WARN__DUPLICATE_METHOD_MATCH = YES;
				CODE_SIGN_IDENTITY = "iPhone Developer";
				COPY_PHASE_STRIP = NO;
				DEBUG_INFORMATION_FORMAT = dwarf;
				ENABLE_STRICT_OBJC_MSGSEND = YES;
				ENABLE_TESTABILITY = YES;
				GCC_C_LANGUAGE_STANDARD = gnu11;
				GCC_DYNAMIC_NO_PIC = NO;
				GCC_NO_COMMON_BLOCKS = YES;
				GCC_OPTIMIZATION_LEVEL = 0;
				GCC_PREPROCESSOR_DEFINITIONS = (
					"DEBUG=1",
					"$(inherited)",
				);
				GCC_WARN_64_TO_32_BIT_CONVERSION = YES;
				GCC_WARN_ABOUT_RETURN_TYPE = YES_ERROR;
				GCC_WARN_UNDECLARED_SELECTOR = YES;
				GCC_WARN_UNINITIALIZED_AUTOS = YES_AGGRESSIVE;
				GCC_WARN_UNUSED_FUNCTION = YES;
				GCC_WARN_UNUSED_VARIABLE = YES;
				IPHONEOS_DEPLOYMENT_TARGET = 11.2;
				MTL_ENABLE_DEBUG_INFO = YES;
				ONLY_ACTIVE_ARCH = YES;
				SDKROOT = iphoneos;
				SWIFT_ACTIVE_COMPILATION_CONDITIONS = DEBUG;
				SWIFT_OPTIMIZATION_LEVEL = "-Onone";
			};
			name = Debug;
		};
		65ACCED021F6CC6D00724BD4 /* Release */ = {
			isa = XCBuildConfiguration;
			buildSettings = {
				ALWAYS_SEARCH_USER_PATHS = NO;
				CLANG_ANALYZER_NONNULL = YES;
				CLANG_ANALYZER_NUMBER_OBJECT_CONVERSION = YES_AGGRESSIVE;
				CLANG_CXX_LANGUAGE_STANDARD = "gnu++14";
				CLANG_CXX_LIBRARY = "libc++";
				CLANG_ENABLE_MODULES = YES;
				CLANG_ENABLE_OBJC_ARC = YES;
				CLANG_WARN_BLOCK_CAPTURE_AUTORELEASING = YES;
				CLANG_WARN_BOOL_CONVERSION = YES;
				CLANG_WARN_COMMA = YES;
				CLANG_WARN_CONSTANT_CONVERSION = YES;
				CLANG_WARN_DIRECT_OBJC_ISA_USAGE = YES_ERROR;
				CLANG_WARN_DOCUMENTATION_COMMENTS = YES;
				CLANG_WARN_EMPTY_BODY = YES;
				CLANG_WARN_ENUM_CONVERSION = YES;
				CLANG_WARN_INFINITE_RECURSION = YES;
				CLANG_WARN_INT_CONVERSION = YES;
				CLANG_WARN_NON_LITERAL_NULL_CONVERSION = YES;
				CLANG_WARN_OBJC_LITERAL_CONVERSION = YES;
				CLANG_WARN_OBJC_ROOT_CLASS = YES_ERROR;
				CLANG_WARN_RANGE_LOOP_ANALYSIS = YES;
				CLANG_WARN_STRICT_PROTOTYPES = YES;
				CLANG_WARN_SUSPICIOUS_MOVE = YES;
				CLANG_WARN_UNGUARDED_AVAILABILITY = YES_AGGRESSIVE;
				CLANG_WARN_UNREACHABLE_CODE = YES;
				CLANG_WARN__DUPLICATE_METHOD_MATCH = YES;
				CODE_SIGN_IDENTITY = "iPhone Developer";
				COPY_PHASE_STRIP = NO;
				DEBUG_INFORMATION_FORMAT = "dwarf-with-dsym";
				ENABLE_NS_ASSERTIONS = NO;
				ENABLE_STRICT_OBJC_MSGSEND = YES;
				GCC_C_LANGUAGE_STANDARD = gnu11;
				GCC_NO_COMMON_BLOCKS = YES;
				GCC_WARN_64_TO_32_BIT_CONVERSION = YES;
				GCC_WARN_ABOUT_RETURN_TYPE = YES_ERROR;
				GCC_WARN_UNDECLARED_SELECTOR = YES;
				GCC_WARN_UNINITIALIZED_AUTOS = YES_AGGRESSIVE;
				GCC_WARN_UNUSED_FUNCTION = YES;
				GCC_WARN_UNUSED_VARIABLE = YES;
				IPHONEOS_DEPLOYMENT_TARGET = 11.2;
				MTL_ENABLE_DEBUG_INFO = NO;
				SDKROOT = iphoneos;
				SWIFT_OPTIMIZATION_LEVEL = "-Owholemodule";
				VALIDATE_PRODUCT = YES;
			};
			name = Release;
		};
		65ACCED221F6CC6D00724BD4 /* Debug */ = {
			isa = XCBuildConfiguration;
			buildSettings = {
				ASSETCATALOG_COMPILER_APPICON_NAME = AppIcon;
				CODE_SIGN_STYLE = Automatic;
				DEVELOPMENT_TEAM = 57BT896524;
				INFOPLIST_FILE = myapp/Info.plist;
				LD_RUNPATH_SEARCH_PATHS = "$(inherited) @executable_path/Frameworks";
				PRODUCT_BUNDLE_IDENTIFIER = "x.913.fx.investor.k-gmail.com.myapp";
				PRODUCT_NAME = "$(TARGET_NAME)";
				SWIFT_VERSION = 4.0;
				TARGETED_DEVICE_FAMILY = "1,2";
			};
			name = Debug;
		};
		65ACCED321F6CC6D00724BD4 /* Release */ = {
			isa = XCBuildConfiguration;
			buildSettings = {
				ASSETCATALOG_COMPILER_APPICON_NAME = AppIcon;
				CODE_SIGN_STYLE = Automatic;
				DEVELOPMENT_TEAM = 57BT896524;
				INFOPLIST_FILE = myapp/Info.plist;
				LD_RUNPATH_SEARCH_PATHS = "$(inherited) @executable_path/Frameworks";
				PRODUCT_BUNDLE_IDENTIFIER = "x.913.fx.investor.k-gmail.com.myapp";
				PRODUCT_NAME = "$(TARGET_NAME)";
				SWIFT_VERSION = 4.0;
				TARGETED_DEVICE_FAMILY = "1,2";
			};
			name = Release;
		};
/* End XCBuildConfiguration section */

/* Begin XCConfigurationList section */
		65ACCEBA21F6CC6C00724BD4 /* Build configuration list for PBXProject "myapp" */ = {
			isa = XCConfigurationList;
			buildConfigurations = (
				65ACCECF21F6CC6D00724BD4 /* Debug */,
				65ACCED021F6CC6D00724BD4 /* Release */,
			);
			defaultConfigurationIsVisible = 0;
			defaultConfigurationName = Release;
		};
		65ACCED121F6CC6D00724BD4 /* Build configuration list for PBXNativeTarget "myapp" */ = {
			isa = XCConfigurationList;
			buildConfigurations = (
				65ACCED221F6CC6D00724BD4 /* Debug */,
				65ACCED321F6CC6D00724BD4 /* Release */,
			);
			defaultConfigurationIsVisible = 0;
			defaultConfigurationName = Release;
		};
/* End XCConfigurationList section */
	};
	rootObject = 65ACCEB721F6CC6C00724BD4 /* Project object */;
}
